// !$*UTF8*$!
{
	archiveVersion = 1;
	classes = {
	};
	objectVersion = 56;
	objects = {

/* Begin PBXBuildFile section */
		F4D296C42C179A2800BB3E9F /* SoundByte2-0-Info.plist in Resources */ = {isa = PBXBuildFile; fileRef = F4D296C32C179A2800BB3E9F /* SoundByte2-0-Info.plist */; };
		F4D296C62C18A94200BB3E9F /* StartView.swift in Sources */ = {isa = PBXBuildFile; fileRef = F4D296C52C18A94200BB3E9F /* StartView.swift */; };
		F4D7E7D62C06766C00E8D450 /* SoundByte2_0App.swift in Sources */ = {isa = PBXBuildFile; fileRef = F4D7E7D52C06766C00E8D450 /* SoundByte2_0App.swift */; };
		F4D7E7D82C06766C00E8D450 /* ContentView.swift in Sources */ = {isa = PBXBuildFile; fileRef = F4D7E7D72C06766C00E8D450 /* ContentView.swift */; };
		F4D7E7DA2C06766D00E8D450 /* Assets.xcassets in Resources */ = {isa = PBXBuildFile; fileRef = F4D7E7D92C06766D00E8D450 /* Assets.xcassets */; };
		F4D7E7DD2C06766D00E8D450 /* Preview Assets.xcassets in Resources */ = {isa = PBXBuildFile; fileRef = F4D7E7DC2C06766D00E8D450 /* Preview Assets.xcassets */; };
		F4D7E7F12C06766D00E8D450 /* SoundByte_2_0UITests.swift in Sources */ = {isa = PBXBuildFile; fileRef = F4D7E7F02C06766D00E8D450 /* SoundByte_2_0UITests.swift */; };
		F4D7E7F32C06766D00E8D450 /* SoundByte_2_0UITestsLaunchTests.swift in Sources */ = {isa = PBXBuildFile; fileRef = F4D7E7F22C06766D00E8D450 /* SoundByte_2_0UITestsLaunchTests.swift */; };
		F4D7E8012C0676C800E8D450 /* AudioKit in Frameworks */ = {isa = PBXBuildFile; productRef = F4D7E8002C0676C800E8D450 /* AudioKit */; };
		F4D7E8042C0676E400E8D450 /* AudioKitEX in Frameworks */ = {isa = PBXBuildFile; productRef = F4D7E8032C0676E400E8D450 /* AudioKitEX */; };
		F4D7E8072C06771300E8D450 /* SoundpipeAudioKit in Frameworks */ = {isa = PBXBuildFile; productRef = F4D7E8062C06771300E8D450 /* SoundpipeAudioKit */; };
		F4D7E8092C06777000E8D450 /* VisualizerView.swift in Sources */ = {isa = PBXBuildFile; fileRef = F4D7E8082C06777000E8D450 /* VisualizerView.swift */; };
		F4D954F22C0E20A100C49D9A /* HistoryPath.swift in Sources */ = {isa = PBXBuildFile; fileRef = F4D954F12C0E20A100C49D9A /* HistoryPath.swift */; };
		F4FAB4152C09218D00DFE55D /* KeyGeneratorTests.swift in Sources */ = {isa = PBXBuildFile; fileRef = F4FAB4142C09218D00DFE55D /* KeyGeneratorTests.swift */; };
		F4FAB4172C092BD800DFE55D /* NotesToGraphMapper.swift in Sources */ = {isa = PBXBuildFile; fileRef = F4FAB4162C092BD800DFE55D /* NotesToGraphMapper.swift */; };
		F4FAB4192C093C8C00DFE55D /* NotesToGraphMapperTests.swift in Sources */ = {isa = PBXBuildFile; fileRef = F4FAB4182C093C8C00DFE55D /* NotesToGraphMapperTests.swift */; };
		F4FAB41D2C0A1EB900DFE55D /* TunerConductor.swift in Sources */ = {isa = PBXBuildFile; fileRef = F4FAB41C2C0A1EB900DFE55D /* TunerConductor.swift */; };
		F4FAB41F2C0A1F2E00DFE55D /* InputDevicePicker.swift in Sources */ = {isa = PBXBuildFile; fileRef = F4FAB41E2C0A1F2E00DFE55D /* InputDevicePicker.swift */; };
		F4FDE30A2C0FCD54009ACE43 /* PitchIndicator.swift in Sources */ = {isa = PBXBuildFile; fileRef = F4FDE3092C0FCD54009ACE43 /* PitchIndicator.swift */; };
		F4FDE30D2C0FCE88009ACE43 /* RecordingIndicator.swift in Sources */ = {isa = PBXBuildFile; fileRef = F4FDE30C2C0FCE88009ACE43 /* RecordingIndicator.swift */; };
		F4FDE30F2C0FD062009ACE43 /* TimerDisplay.swift in Sources */ = {isa = PBXBuildFile; fileRef = F4FDE30E2C0FD062009ACE43 /* TimerDisplay.swift */; };
		F4FDE3122C0FD57A009ACE43 /* Staff.swift in Sources */ = {isa = PBXBuildFile; fileRef = F4FDE3102C0FD36C009ACE43 /* Staff.swift */; };
		F4FDE3152C0FD99A009ACE43 /* NoteLine.swift in Sources */ = {isa = PBXBuildFile; fileRef = F4FDE3142C0FD99A009ACE43 /* NoteLine.swift */; };
		F4FDE3172C0FDB55009ACE43 /* ClefImage.swift in Sources */ = {isa = PBXBuildFile; fileRef = F4FDE3162C0FDB55009ACE43 /* ClefImage.swift */; };
		F4FDE3192C0FDDED009ACE43 /* KeySignature.swift in Sources */ = {isa = PBXBuildFile; fileRef = F4FDE3182C0FDDED009ACE43 /* KeySignature.swift */; };
		F4FDE31B2C0FEC8E009ACE43 /* SettingsView.swift in Sources */ = {isa = PBXBuildFile; fileRef = F4FDE31A2C0FEC8E009ACE43 /* SettingsView.swift */; };
		F4FDE31F2C11173F009ACE43 /* KeyGenerator.swift in Sources */ = {isa = PBXBuildFile; fileRef = F4FDE31E2C11173F009ACE43 /* KeyGenerator.swift */; };
		F4FDE3222C113C96009ACE43 /* CentsIndicator.swift in Sources */ = {isa = PBXBuildFile; fileRef = F4FDE3212C113C96009ACE43 /* CentsIndicator.swift */; };
		F4FDE32E2C136A43009ACE43 /* HistoryView.swift in Sources */ = {isa = PBXBuildFile; fileRef = F4FDE32D2C136A43009ACE43 /* HistoryView.swift */; };
/* End PBXBuildFile section */

/* Begin PBXContainerItemProxy section */
		F4D7E7E32C06766D00E8D450 /* PBXContainerItemProxy */ = {
			isa = PBXContainerItemProxy;
			containerPortal = F4D7E7CA2C06766C00E8D450 /* Project object */;
			proxyType = 1;
			remoteGlobalIDString = F4D7E7D12C06766C00E8D450;
			remoteInfo = "SoundByte 2.0";
		};
		F4D7E7ED2C06766D00E8D450 /* PBXContainerItemProxy */ = {
			isa = PBXContainerItemProxy;
			containerPortal = F4D7E7CA2C06766C00E8D450 /* Project object */;
			proxyType = 1;
			remoteGlobalIDString = F4D7E7D12C06766C00E8D450;
			remoteInfo = "SoundByte 2.0";
		};
/* End PBXContainerItemProxy section */

/* Begin PBXFileReference section */
		F4D296C32C179A2800BB3E9F /* SoundByte2-0-Info.plist */ = {isa = PBXFileReference; lastKnownFileType = text.plist.xml; path = "SoundByte2-0-Info.plist"; sourceTree = "<group>"; };
		F4D296C52C18A94200BB3E9F /* StartView.swift */ = {isa = PBXFileReference; lastKnownFileType = sourcecode.swift; path = StartView.swift; sourceTree = "<group>"; };
		F4D7E7D22C06766C00E8D450 /* SoundByte2.0.app */ = {isa = PBXFileReference; explicitFileType = wrapper.application; includeInIndex = 0; path = SoundByte2.0.app; sourceTree = BUILT_PRODUCTS_DIR; };
		F4D7E7D52C06766C00E8D450 /* SoundByte2_0App.swift */ = {isa = PBXFileReference; lastKnownFileType = sourcecode.swift; path = SoundByte2_0App.swift; sourceTree = "<group>"; };
		F4D7E7D72C06766C00E8D450 /* ContentView.swift */ = {isa = PBXFileReference; lastKnownFileType = sourcecode.swift; path = ContentView.swift; sourceTree = "<group>"; };
		F4D7E7D92C06766D00E8D450 /* Assets.xcassets */ = {isa = PBXFileReference; lastKnownFileType = folder.assetcatalog; path = Assets.xcassets; sourceTree = "<group>"; };
		F4D7E7DC2C06766D00E8D450 /* Preview Assets.xcassets */ = {isa = PBXFileReference; lastKnownFileType = folder.assetcatalog; path = "Preview Assets.xcassets"; sourceTree = "<group>"; };
		F4D7E7E22C06766D00E8D450 /* SoundByte2.0Tests.xctest */ = {isa = PBXFileReference; explicitFileType = wrapper.cfbundle; includeInIndex = 0; path = SoundByte2.0Tests.xctest; sourceTree = BUILT_PRODUCTS_DIR; };
		F4D7E7EC2C06766D00E8D450 /* SoundByte2.0UITests.xctest */ = {isa = PBXFileReference; explicitFileType = wrapper.cfbundle; includeInIndex = 0; path = SoundByte2.0UITests.xctest; sourceTree = BUILT_PRODUCTS_DIR; };
		F4D7E7F02C06766D00E8D450 /* SoundByte_2_0UITests.swift */ = {isa = PBXFileReference; lastKnownFileType = sourcecode.swift; path = SoundByte_2_0UITests.swift; sourceTree = "<group>"; };
		F4D7E7F22C06766D00E8D450 /* SoundByte_2_0UITestsLaunchTests.swift */ = {isa = PBXFileReference; lastKnownFileType = sourcecode.swift; path = SoundByte_2_0UITestsLaunchTests.swift; sourceTree = "<group>"; };
		F4D7E8082C06777000E8D450 /* VisualizerView.swift */ = {isa = PBXFileReference; lastKnownFileType = sourcecode.swift; path = VisualizerView.swift; sourceTree = "<group>"; };
		F4D954F12C0E20A100C49D9A /* HistoryPath.swift */ = {isa = PBXFileReference; lastKnownFileType = sourcecode.swift; path = HistoryPath.swift; sourceTree = "<group>"; };
		F4FAB4142C09218D00DFE55D /* KeyGeneratorTests.swift */ = {isa = PBXFileReference; lastKnownFileType = sourcecode.swift; path = KeyGeneratorTests.swift; sourceTree = "<group>"; };
		F4FAB4162C092BD800DFE55D /* NotesToGraphMapper.swift */ = {isa = PBXFileReference; lastKnownFileType = sourcecode.swift; path = NotesToGraphMapper.swift; sourceTree = "<group>"; };
		F4FAB4182C093C8C00DFE55D /* NotesToGraphMapperTests.swift */ = {isa = PBXFileReference; lastKnownFileType = sourcecode.swift; path = NotesToGraphMapperTests.swift; sourceTree = "<group>"; };
		F4FAB41C2C0A1EB900DFE55D /* TunerConductor.swift */ = {isa = PBXFileReference; lastKnownFileType = sourcecode.swift; path = TunerConductor.swift; sourceTree = "<group>"; };
		F4FAB41E2C0A1F2E00DFE55D /* InputDevicePicker.swift */ = {isa = PBXFileReference; lastKnownFileType = sourcecode.swift; path = InputDevicePicker.swift; sourceTree = "<group>"; };
		F4FDE3092C0FCD54009ACE43 /* PitchIndicator.swift */ = {isa = PBXFileReference; lastKnownFileType = sourcecode.swift; path = PitchIndicator.swift; sourceTree = "<group>"; };
		F4FDE30C2C0FCE88009ACE43 /* RecordingIndicator.swift */ = {isa = PBXFileReference; lastKnownFileType = sourcecode.swift; path = RecordingIndicator.swift; sourceTree = "<group>"; };
		F4FDE30E2C0FD062009ACE43 /* TimerDisplay.swift */ = {isa = PBXFileReference; lastKnownFileType = sourcecode.swift; path = TimerDisplay.swift; sourceTree = "<group>"; };
		F4FDE3102C0FD36C009ACE43 /* Staff.swift */ = {isa = PBXFileReference; lastKnownFileType = sourcecode.swift; path = Staff.swift; sourceTree = "<group>"; };
		F4FDE3142C0FD99A009ACE43 /* NoteLine.swift */ = {isa = PBXFileReference; lastKnownFileType = sourcecode.swift; path = NoteLine.swift; sourceTree = "<group>"; };
		F4FDE3162C0FDB55009ACE43 /* ClefImage.swift */ = {isa = PBXFileReference; lastKnownFileType = sourcecode.swift; path = ClefImage.swift; sourceTree = "<group>"; };
		F4FDE3182C0FDDED009ACE43 /* KeySignature.swift */ = {isa = PBXFileReference; lastKnownFileType = sourcecode.swift; path = KeySignature.swift; sourceTree = "<group>"; };
		F4FDE31A2C0FEC8E009ACE43 /* SettingsView.swift */ = {isa = PBXFileReference; lastKnownFileType = sourcecode.swift; path = SettingsView.swift; sourceTree = "<group>"; };
		F4FDE31E2C11173F009ACE43 /* KeyGenerator.swift */ = {isa = PBXFileReference; lastKnownFileType = sourcecode.swift; path = KeyGenerator.swift; sourceTree = "<group>"; };
		F4FDE3212C113C96009ACE43 /* CentsIndicator.swift */ = {isa = PBXFileReference; lastKnownFileType = sourcecode.swift; path = CentsIndicator.swift; sourceTree = "<group>"; };
		F4FDE32D2C136A43009ACE43 /* HistoryView.swift */ = {isa = PBXFileReference; lastKnownFileType = sourcecode.swift; path = HistoryView.swift; sourceTree = "<group>"; };
/* End PBXFileReference section */

/* Begin PBXFrameworksBuildPhase section */
		F4D7E7CF2C06766C00E8D450 /* Frameworks */ = {
			isa = PBXFrameworksBuildPhase;
			buildActionMask = 2147483647;
			files = (
				F4D7E8012C0676C800E8D450 /* AudioKit in Frameworks */,
				F4D7E8042C0676E400E8D450 /* AudioKitEX in Frameworks */,
				F4D7E8072C06771300E8D450 /* SoundpipeAudioKit in Frameworks */,
			);
			runOnlyForDeploymentPostprocessing = 0;
		};
		F4D7E7DF2C06766D00E8D450 /* Frameworks */ = {
			isa = PBXFrameworksBuildPhase;
			buildActionMask = 2147483647;
			files = (
			);
			runOnlyForDeploymentPostprocessing = 0;
		};
		F4D7E7E92C06766D00E8D450 /* Frameworks */ = {
			isa = PBXFrameworksBuildPhase;
			buildActionMask = 2147483647;
			files = (
			);
			runOnlyForDeploymentPostprocessing = 0;
		};
/* End PBXFrameworksBuildPhase section */

/* Begin PBXGroup section */
		F4D7E7C92C06766C00E8D450 = {
			isa = PBXGroup;
			children = (
				F4D296C32C179A2800BB3E9F /* SoundByte2-0-Info.plist */,
				F4D7E7D42C06766C00E8D450 /* SoundByte 2.0 */,
				F4D7E7E52C06766D00E8D450 /* SoundByte 2.0Tests */,
				F4D7E7EF2C06766D00E8D450 /* SoundByte 2.0UITests */,
				F4D7E7D32C06766C00E8D450 /* Products */,
			);
			sourceTree = "<group>";
		};
		F4D7E7D32C06766C00E8D450 /* Products */ = {
			isa = PBXGroup;
			children = (
				F4D7E7D22C06766C00E8D450 /* SoundByte2.0.app */,
				F4D7E7E22C06766D00E8D450 /* SoundByte2.0Tests.xctest */,
				F4D7E7EC2C06766D00E8D450 /* SoundByte2.0UITests.xctest */,
			);
			name = Products;
			sourceTree = "<group>";
		};
		F4D7E7D42C06766C00E8D450 /* SoundByte 2.0 */ = {
			isa = PBXGroup;
			children = (
				F4FDE31E2C11173F009ACE43 /* KeyGenerator.swift */,
				F4FAB4162C092BD800DFE55D /* NotesToGraphMapper.swift */,
				F4D7E7D52C06766C00E8D450 /* SoundByte2_0App.swift */,
				F4FAB41C2C0A1EB900DFE55D /* TunerConductor.swift */,
				F4D7E7D92C06766D00E8D450 /* Assets.xcassets */,
				F4FDE3202C113360009ACE43 /* MainViews */,
				F4D7E7DB2C06766D00E8D450 /* Preview Content */,
			);
			path = "SoundByte 2.0";
			sourceTree = "<group>";
		};
		F4D7E7DB2C06766D00E8D450 /* Preview Content */ = {
			isa = PBXGroup;
			children = (
				F4D7E7DC2C06766D00E8D450 /* Preview Assets.xcassets */,
			);
			path = "Preview Content";
			sourceTree = "<group>";
		};
		F4D7E7E52C06766D00E8D450 /* SoundByte 2.0Tests */ = {
			isa = PBXGroup;
			children = (
				F4FAB4142C09218D00DFE55D /* KeyGeneratorTests.swift */,
				F4FAB4182C093C8C00DFE55D /* NotesToGraphMapperTests.swift */,
			);
			path = "SoundByte 2.0Tests";
			sourceTree = "<group>";
		};
		F4D7E7EF2C06766D00E8D450 /* SoundByte 2.0UITests */ = {
			isa = PBXGroup;
			children = (
				F4D7E7F02C06766D00E8D450 /* SoundByte_2_0UITests.swift */,
				F4D7E7F22C06766D00E8D450 /* SoundByte_2_0UITestsLaunchTests.swift */,
			);
			path = "SoundByte 2.0UITests";
			sourceTree = "<group>";
		};
		F4FDE30B2C0FCD61009ACE43 /* VisualizerViewElements */ = {
			isa = PBXGroup;
			children = (
				F4D954F12C0E20A100C49D9A /* HistoryPath.swift */,
				F4FAB41E2C0A1F2E00DFE55D /* InputDevicePicker.swift */,
				F4FDE3092C0FCD54009ACE43 /* PitchIndicator.swift */,
				F4FDE3212C113C96009ACE43 /* CentsIndicator.swift */,
				F4FDE30C2C0FCE88009ACE43 /* RecordingIndicator.swift */,
				F4FDE3102C0FD36C009ACE43 /* Staff.swift */,
				F4FDE30E2C0FD062009ACE43 /* TimerDisplay.swift */,
				F4FDE3132C0FD960009ACE43 /* StaffElements */,
			);
			path = VisualizerViewElements;
			sourceTree = "<group>";
		};
		F4FDE3132C0FD960009ACE43 /* StaffElements */ = {
			isa = PBXGroup;
			children = (
				F4FDE3162C0FDB55009ACE43 /* ClefImage.swift */,
				F4FDE3182C0FDDED009ACE43 /* KeySignature.swift */,
				F4FDE3142C0FD99A009ACE43 /* NoteLine.swift */,
			);
			path = StaffElements;
			sourceTree = "<group>";
		};
		F4FDE3202C113360009ACE43 /* MainViews */ = {
			isa = PBXGroup;
			children = (
				F4D7E7D72C06766C00E8D450 /* ContentView.swift */,
				F4FDE32D2C136A43009ACE43 /* HistoryView.swift */,
				F4FDE31A2C0FEC8E009ACE43 /* SettingsView.swift */,
				F4D296C52C18A94200BB3E9F /* StartView.swift */,
				F4D7E8082C06777000E8D450 /* VisualizerView.swift */,
				F4FDE30B2C0FCD61009ACE43 /* VisualizerViewElements */,
			);
			path = MainViews;
			sourceTree = "<group>";
		};
/* End PBXGroup section */

/* Begin PBXNativeTarget section */
		F4D7E7D12C06766C00E8D450 /* SoundByte2.0 */ = {
			isa = PBXNativeTarget;
			buildConfigurationList = F4D7E7F62C06766D00E8D450 /* Build configuration list for PBXNativeTarget "SoundByte2.0" */;
			buildPhases = (
				F4D7E7CE2C06766C00E8D450 /* Sources */,
				F4D7E7CF2C06766C00E8D450 /* Frameworks */,
				F4D7E7D02C06766C00E8D450 /* Resources */,
			);
			buildRules = (
			);
			dependencies = (
			);
			name = SoundByte2.0;
			packageProductDependencies = (
				F4D7E8002C0676C800E8D450 /* AudioKit */,
				F4D7E8032C0676E400E8D450 /* AudioKitEX */,
				F4D7E8062C06771300E8D450 /* SoundpipeAudioKit */,
			);
			productName = "SoundByte 2.0";
			productReference = F4D7E7D22C06766C00E8D450 /* SoundByte2.0.app */;
			productType = "com.apple.product-type.application";
		};
		F4D7E7E12C06766D00E8D450 /* SoundByte2.0Tests */ = {
			isa = PBXNativeTarget;
			buildConfigurationList = F4D7E7F92C06766D00E8D450 /* Build configuration list for PBXNativeTarget "SoundByte2.0Tests" */;
			buildPhases = (
				F4D7E7DE2C06766D00E8D450 /* Sources */,
				F4D7E7DF2C06766D00E8D450 /* Frameworks */,
				F4D7E7E02C06766D00E8D450 /* Resources */,
			);
			buildRules = (
			);
			dependencies = (
				F4D7E7E42C06766D00E8D450 /* PBXTargetDependency */,
			);
			name = SoundByte2.0Tests;
			productName = "SoundByte 2.0Tests";
			productReference = F4D7E7E22C06766D00E8D450 /* SoundByte2.0Tests.xctest */;
			productType = "com.apple.product-type.bundle.unit-test";
		};
		F4D7E7EB2C06766D00E8D450 /* SoundByte2.0UITests */ = {
			isa = PBXNativeTarget;
			buildConfigurationList = F4D7E7FC2C06766D00E8D450 /* Build configuration list for PBXNativeTarget "SoundByte2.0UITests" */;
			buildPhases = (
				F4D7E7E82C06766D00E8D450 /* Sources */,
				F4D7E7E92C06766D00E8D450 /* Frameworks */,
				F4D7E7EA2C06766D00E8D450 /* Resources */,
			);
			buildRules = (
			);
			dependencies = (
				F4D7E7EE2C06766D00E8D450 /* PBXTargetDependency */,
			);
			name = SoundByte2.0UITests;
			productName = "SoundByte 2.0UITests";
			productReference = F4D7E7EC2C06766D00E8D450 /* SoundByte2.0UITests.xctest */;
			productType = "com.apple.product-type.bundle.ui-testing";
		};
/* End PBXNativeTarget section */

/* Begin PBXProject section */
		F4D7E7CA2C06766C00E8D450 /* Project object */ = {
			isa = PBXProject;
			attributes = {
				BuildIndependentTargetsInParallel = 1;
				LastSwiftUpdateCheck = 1540;
				LastUpgradeCheck = 1540;
				TargetAttributes = {
					F4D7E7D12C06766C00E8D450 = {
						CreatedOnToolsVersion = 15.4;
					};
					F4D7E7E12C06766D00E8D450 = {
						CreatedOnToolsVersion = 15.4;
						TestTargetID = F4D7E7D12C06766C00E8D450;
					};
					F4D7E7EB2C06766D00E8D450 = {
						CreatedOnToolsVersion = 15.4;
						TestTargetID = F4D7E7D12C06766C00E8D450;
					};
				};
			};
			buildConfigurationList = F4D7E7CD2C06766C00E8D450 /* Build configuration list for PBXProject "SoundByte2.0" */;
			compatibilityVersion = "Xcode 14.0";
			developmentRegion = en;
			hasScannedForEncodings = 0;
			knownRegions = (
				en,
				Base,
			);
			mainGroup = F4D7E7C92C06766C00E8D450;
			packageReferences = (
				F4D7E7FF2C06769700E8D450 /* XCRemoteSwiftPackageReference "AudioKit" */,
				F4D7E8022C0676E400E8D450 /* XCRemoteSwiftPackageReference "AudioKitEX" */,
				F4D7E8052C06771300E8D450 /* XCRemoteSwiftPackageReference "SoundpipeAudioKit" */,
			);
			productRefGroup = F4D7E7D32C06766C00E8D450 /* Products */;
			projectDirPath = "";
			projectRoot = "";
			targets = (
				F4D7E7D12C06766C00E8D450 /* SoundByte2.0 */,
				F4D7E7E12C06766D00E8D450 /* SoundByte2.0Tests */,
				F4D7E7EB2C06766D00E8D450 /* SoundByte2.0UITests */,
			);
		};
/* End PBXProject section */

/* Begin PBXResourcesBuildPhase section */
		F4D7E7D02C06766C00E8D450 /* Resources */ = {
			isa = PBXResourcesBuildPhase;
			buildActionMask = 2147483647;
			files = (
				F4D7E7DD2C06766D00E8D450 /* Preview Assets.xcassets in Resources */,
				F4D296C42C179A2800BB3E9F /* SoundByte2-0-Info.plist in Resources */,
				F4D7E7DA2C06766D00E8D450 /* Assets.xcassets in Resources */,
			);
			runOnlyForDeploymentPostprocessing = 0;
		};
		F4D7E7E02C06766D00E8D450 /* Resources */ = {
			isa = PBXResourcesBuildPhase;
			buildActionMask = 2147483647;
			files = (
			);
			runOnlyForDeploymentPostprocessing = 0;
		};
		F4D7E7EA2C06766D00E8D450 /* Resources */ = {
			isa = PBXResourcesBuildPhase;
			buildActionMask = 2147483647;
			files = (
			);
			runOnlyForDeploymentPostprocessing = 0;
		};
/* End PBXResourcesBuildPhase section */

/* Begin PBXSourcesBuildPhase section */
		F4D7E7CE2C06766C00E8D450 /* Sources */ = {
			isa = PBXSourcesBuildPhase;
			buildActionMask = 2147483647;
			files = (
				F4FDE30F2C0FD062009ACE43 /* TimerDisplay.swift in Sources */,
				F4D296C62C18A94200BB3E9F /* StartView.swift in Sources */,
				F4FAB41F2C0A1F2E00DFE55D /* InputDevicePicker.swift in Sources */,
				F4D954F22C0E20A100C49D9A /* HistoryPath.swift in Sources */,
				F4FAB4172C092BD800DFE55D /* NotesToGraphMapper.swift in Sources */,
				F4FDE31F2C11173F009ACE43 /* KeyGenerator.swift in Sources */,
				F4D7E7D82C06766C00E8D450 /* ContentView.swift in Sources */,
				F4FDE3122C0FD57A009ACE43 /* Staff.swift in Sources */,
				F4FDE32E2C136A43009ACE43 /* HistoryView.swift in Sources */,
				F4FDE30A2C0FCD54009ACE43 /* PitchIndicator.swift in Sources */,
				F4FDE3222C113C96009ACE43 /* CentsIndicator.swift in Sources */,
				F4FDE30D2C0FCE88009ACE43 /* RecordingIndicator.swift in Sources */,
				F4FDE31B2C0FEC8E009ACE43 /* SettingsView.swift in Sources */,
				F4FDE3172C0FDB55009ACE43 /* ClefImage.swift in Sources */,
				F4FDE3192C0FDDED009ACE43 /* KeySignature.swift in Sources */,
				F4FAB41D2C0A1EB900DFE55D /* TunerConductor.swift in Sources */,
				F4D7E8092C06777000E8D450 /* VisualizerView.swift in Sources */,
				F4D7E7D62C06766C00E8D450 /* SoundByte2_0App.swift in Sources */,
				F4FDE3152C0FD99A009ACE43 /* NoteLine.swift in Sources */,
			);
			runOnlyForDeploymentPostprocessing = 0;
		};
		F4D7E7DE2C06766D00E8D450 /* Sources */ = {
			isa = PBXSourcesBuildPhase;
			buildActionMask = 2147483647;
			files = (
				F4FAB4192C093C8C00DFE55D /* NotesToGraphMapperTests.swift in Sources */,
				F4FAB4152C09218D00DFE55D /* KeyGeneratorTests.swift in Sources */,
			);
			runOnlyForDeploymentPostprocessing = 0;
		};
		F4D7E7E82C06766D00E8D450 /* Sources */ = {
			isa = PBXSourcesBuildPhase;
			buildActionMask = 2147483647;
			files = (
				F4D7E7F32C06766D00E8D450 /* SoundByte_2_0UITestsLaunchTests.swift in Sources */,
				F4D7E7F12C06766D00E8D450 /* SoundByte_2_0UITests.swift in Sources */,
			);
			runOnlyForDeploymentPostprocessing = 0;
		};
/* End PBXSourcesBuildPhase section */

/* Begin PBXTargetDependency section */
		F4D7E7E42C06766D00E8D450 /* PBXTargetDependency */ = {
			isa = PBXTargetDependency;
			target = F4D7E7D12C06766C00E8D450 /* SoundByte2.0 */;
			targetProxy = F4D7E7E32C06766D00E8D450 /* PBXContainerItemProxy */;
		};
		F4D7E7EE2C06766D00E8D450 /* PBXTargetDependency */ = {
			isa = PBXTargetDependency;
			target = F4D7E7D12C06766C00E8D450 /* SoundByte2.0 */;
			targetProxy = F4D7E7ED2C06766D00E8D450 /* PBXContainerItemProxy */;
		};
/* End PBXTargetDependency section */

/* Begin XCBuildConfiguration section */
		F4D7E7F42C06766D00E8D450 /* Debug */ = {
			isa = XCBuildConfiguration;
			buildSettings = {
				ALWAYS_SEARCH_USER_PATHS = NO;
				ASSETCATALOG_COMPILER_GENERATE_SWIFT_ASSET_SYMBOL_EXTENSIONS = YES;
				CLANG_ANALYZER_NONNULL = YES;
				CLANG_ANALYZER_NUMBER_OBJECT_CONVERSION = YES_AGGRESSIVE;
				CLANG_CXX_LANGUAGE_STANDARD = "gnu++20";
				CLANG_ENABLE_MODULES = YES;
				CLANG_ENABLE_OBJC_ARC = YES;
				CLANG_ENABLE_OBJC_WEAK = YES;
				CLANG_WARN_BLOCK_CAPTURE_AUTORELEASING = YES;
				CLANG_WARN_BOOL_CONVERSION = YES;
				CLANG_WARN_COMMA = YES;
				CLANG_WARN_CONSTANT_CONVERSION = YES;
				CLANG_WARN_DEPRECATED_OBJC_IMPLEMENTATIONS = YES;
				CLANG_WARN_DIRECT_OBJC_ISA_USAGE = YES_ERROR;
				CLANG_WARN_DOCUMENTATION_COMMENTS = YES;
				CLANG_WARN_EMPTY_BODY = YES;
				CLANG_WARN_ENUM_CONVERSION = YES;
				CLANG_WARN_INFINITE_RECURSION = YES;
				CLANG_WARN_INT_CONVERSION = YES;
				CLANG_WARN_NON_LITERAL_NULL_CONVERSION = YES;
				CLANG_WARN_OBJC_IMPLICIT_RETAIN_SELF = YES;
				CLANG_WARN_OBJC_LITERAL_CONVERSION = YES;
				CLANG_WARN_OBJC_ROOT_CLASS = YES_ERROR;
				CLANG_WARN_QUOTED_INCLUDE_IN_FRAMEWORK_HEADER = YES;
				CLANG_WARN_RANGE_LOOP_ANALYSIS = YES;
				CLANG_WARN_STRICT_PROTOTYPES = YES;
				CLANG_WARN_SUSPICIOUS_MOVE = YES;
				CLANG_WARN_UNGUARDED_AVAILABILITY = YES_AGGRESSIVE;
				CLANG_WARN_UNREACHABLE_CODE = YES;
				CLANG_WARN__DUPLICATE_METHOD_MATCH = YES;
				COPY_PHASE_STRIP = NO;
				DEBUG_INFORMATION_FORMAT = dwarf;
				ENABLE_STRICT_OBJC_MSGSEND = YES;
				ENABLE_TESTABILITY = YES;
				ENABLE_USER_SCRIPT_SANDBOXING = YES;
				GCC_C_LANGUAGE_STANDARD = gnu17;
				GCC_DYNAMIC_NO_PIC = NO;
				GCC_NO_COMMON_BLOCKS = YES;
				GCC_OPTIMIZATION_LEVEL = 0;
				GCC_PREPROCESSOR_DEFINITIONS = (
					"DEBUG=1",
					"$(inherited)",
				);
				GCC_WARN_64_TO_32_BIT_CONVERSION = YES;
				GCC_WARN_ABOUT_RETURN_TYPE = YES_ERROR;
				GCC_WARN_UNDECLARED_SELECTOR = YES;
				GCC_WARN_UNINITIALIZED_AUTOS = YES_AGGRESSIVE;
				GCC_WARN_UNUSED_FUNCTION = YES;
				GCC_WARN_UNUSED_VARIABLE = YES;
				IPHONEOS_DEPLOYMENT_TARGET = 17.0;
				LOCALIZATION_PREFERS_STRING_CATALOGS = YES;
				MTL_ENABLE_DEBUG_INFO = INCLUDE_SOURCE;
				MTL_FAST_MATH = YES;
				ONLY_ACTIVE_ARCH = YES;
				SDKROOT = iphoneos;
				SWIFT_ACTIVE_COMPILATION_CONDITIONS = "DEBUG $(inherited)";
				SWIFT_OPTIMIZATION_LEVEL = "-Onone";
			};
			name = Debug;
		};
		F4D7E7F52C06766D00E8D450 /* Release */ = {
			isa = XCBuildConfiguration;
			buildSettings = {
				ALWAYS_SEARCH_USER_PATHS = NO;
				ASSETCATALOG_COMPILER_GENERATE_SWIFT_ASSET_SYMBOL_EXTENSIONS = YES;
				CLANG_ANALYZER_NONNULL = YES;
				CLANG_ANALYZER_NUMBER_OBJECT_CONVERSION = YES_AGGRESSIVE;
				CLANG_CXX_LANGUAGE_STANDARD = "gnu++20";
				CLANG_ENABLE_MODULES = YES;
				CLANG_ENABLE_OBJC_ARC = YES;
				CLANG_ENABLE_OBJC_WEAK = YES;
				CLANG_WARN_BLOCK_CAPTURE_AUTORELEASING = YES;
				CLANG_WARN_BOOL_CONVERSION = YES;
				CLANG_WARN_COMMA = YES;
				CLANG_WARN_CONSTANT_CONVERSION = YES;
				CLANG_WARN_DEPRECATED_OBJC_IMPLEMENTATIONS = YES;
				CLANG_WARN_DIRECT_OBJC_ISA_USAGE = YES_ERROR;
				CLANG_WARN_DOCUMENTATION_COMMENTS = YES;
				CLANG_WARN_EMPTY_BODY = YES;
				CLANG_WARN_ENUM_CONVERSION = YES;
				CLANG_WARN_INFINITE_RECURSION = YES;
				CLANG_WARN_INT_CONVERSION = YES;
				CLANG_WARN_NON_LITERAL_NULL_CONVERSION = YES;
				CLANG_WARN_OBJC_IMPLICIT_RETAIN_SELF = YES;
				CLANG_WARN_OBJC_LITERAL_CONVERSION = YES;
				CLANG_WARN_OBJC_ROOT_CLASS = YES_ERROR;
				CLANG_WARN_QUOTED_INCLUDE_IN_FRAMEWORK_HEADER = YES;
				CLANG_WARN_RANGE_LOOP_ANALYSIS = YES;
				CLANG_WARN_STRICT_PROTOTYPES = YES;
				CLANG_WARN_SUSPICIOUS_MOVE = YES;
				CLANG_WARN_UNGUARDED_AVAILABILITY = YES_AGGRESSIVE;
				CLANG_WARN_UNREACHABLE_CODE = YES;
				CLANG_WARN__DUPLICATE_METHOD_MATCH = YES;
				COPY_PHASE_STRIP = NO;
				DEBUG_INFORMATION_FORMAT = "dwarf-with-dsym";
				ENABLE_NS_ASSERTIONS = NO;
				ENABLE_STRICT_OBJC_MSGSEND = YES;
				ENABLE_USER_SCRIPT_SANDBOXING = YES;
				GCC_C_LANGUAGE_STANDARD = gnu17;
				GCC_NO_COMMON_BLOCKS = YES;
				GCC_WARN_64_TO_32_BIT_CONVERSION = YES;
				GCC_WARN_ABOUT_RETURN_TYPE = YES_ERROR;
				GCC_WARN_UNDECLARED_SELECTOR = YES;
				GCC_WARN_UNINITIALIZED_AUTOS = YES_AGGRESSIVE;
				GCC_WARN_UNUSED_FUNCTION = YES;
				GCC_WARN_UNUSED_VARIABLE = YES;
				IPHONEOS_DEPLOYMENT_TARGET = 17.0;
				LOCALIZATION_PREFERS_STRING_CATALOGS = YES;
				MTL_ENABLE_DEBUG_INFO = NO;
				MTL_FAST_MATH = YES;
				SDKROOT = iphoneos;
				SWIFT_COMPILATION_MODE = wholemodule;
				VALIDATE_PRODUCT = YES;
			};
			name = Release;
		};
		F4D7E7F72C06766D00E8D450 /* Debug */ = {
			isa = XCBuildConfiguration;
			buildSettings = {
				ASSETCATALOG_COMPILER_APPICON_NAME = AppIcon;
				ASSETCATALOG_COMPILER_GLOBAL_ACCENT_COLOR_NAME = AccentColor;
				CODE_SIGN_STYLE = Automatic;
				CURRENT_PROJECT_VERSION = 1;
				DEVELOPMENT_ASSET_PATHS = "\"SoundByte 2.0/Preview Content\"";
				DEVELOPMENT_TEAM = ZRLJ26H2AQ;
				ENABLE_PREVIEWS = YES;
				GENERATE_INFOPLIST_FILE = YES;
				INFOPLIST_FILE = "SoundByte2-0-Info.plist";
				INFOPLIST_KEY_NSMicrophoneUsageDescription = "";
				INFOPLIST_KEY_UIApplicationSceneManifest_Generation = YES;
				INFOPLIST_KEY_UIApplicationSupportsIndirectInputEvents = YES;
				INFOPLIST_KEY_UILaunchScreen_Generation = YES;
				INFOPLIST_KEY_UIRequiresFullScreen = YES;
				INFOPLIST_KEY_UISupportedInterfaceOrientations = "UIInterfaceOrientationLandscapeLeft UIInterfaceOrientationLandscapeRight";
				IPHONEOS_DEPLOYMENT_TARGET = 17.0;
				LD_RUNPATH_SEARCH_PATHS = (
					"$(inherited)",
					"@executable_path/Frameworks",
				);
				MARKETING_VERSION = 1.0;
				PRODUCT_BUNDLE_IDENTIFIER = "JackDurfee.SoundByte-2-0";
				PRODUCT_NAME = "$(TARGET_NAME)";
				SWIFT_EMIT_LOC_STRINGS = YES;
				SWIFT_VERSION = 5.0;
				TARGETED_DEVICE_FAMILY = "1,2";
			};
			name = Debug;
		};
		F4D7E7F82C06766D00E8D450 /* Release */ = {
			isa = XCBuildConfiguration;
			buildSettings = {
				ASSETCATALOG_COMPILER_APPICON_NAME = AppIcon;
				ASSETCATALOG_COMPILER_GLOBAL_ACCENT_COLOR_NAME = AccentColor;
				CODE_SIGN_STYLE = Automatic;
				CURRENT_PROJECT_VERSION = 1;
				DEVELOPMENT_ASSET_PATHS = "\"SoundByte 2.0/Preview Content\"";
				DEVELOPMENT_TEAM = ZRLJ26H2AQ;
				ENABLE_PREVIEWS = YES;
				GENERATE_INFOPLIST_FILE = YES;
				INFOPLIST_FILE = "SoundByte2-0-Info.plist";
				INFOPLIST_KEY_NSMicrophoneUsageDescription = "";
				INFOPLIST_KEY_UIApplicationSceneManifest_Generation = YES;
				INFOPLIST_KEY_UIApplicationSupportsIndirectInputEvents = YES;
				INFOPLIST_KEY_UILaunchScreen_Generation = YES;
				INFOPLIST_KEY_UIRequiresFullScreen = YES;
				INFOPLIST_KEY_UISupportedInterfaceOrientations = "UIInterfaceOrientationLandscapeLeft UIInterfaceOrientationLandscapeRight";
				IPHONEOS_DEPLOYMENT_TARGET = 17.0;
				LD_RUNPATH_SEARCH_PATHS = (
					"$(inherited)",
					"@executable_path/Frameworks",
				);
				MARKETING_VERSION = 1.0;
				PRODUCT_BUNDLE_IDENTIFIER = "JackDurfee.SoundByte-2-0";
				PRODUCT_NAME = "$(TARGET_NAME)";
				SWIFT_EMIT_LOC_STRINGS = YES;
				SWIFT_VERSION = 5.0;
				TARGETED_DEVICE_FAMILY = "1,2";
			};
			name = Release;
		};
		F4D7E7FA2C06766D00E8D450 /* Debug */ = {
			isa = XCBuildConfiguration;
			buildSettings = {
				ALWAYS_EMBED_SWIFT_STANDARD_LIBRARIES = YES;
				BUNDLE_LOADER = "$(TEST_HOST)";
				CODE_SIGN_STYLE = Automatic;
				CURRENT_PROJECT_VERSION = 1;
				DEVELOPMENT_TEAM = ZRLJ26H2AQ;
				GENERATE_INFOPLIST_FILE = YES;
				IPHONEOS_DEPLOYMENT_TARGET = 17.0;
				MARKETING_VERSION = 1.0;
				PRODUCT_BUNDLE_IDENTIFIER = "JackDurfee.SoundByte-2-0Tests";
				PRODUCT_NAME = "$(TARGET_NAME)";
				SWIFT_EMIT_LOC_STRINGS = NO;
				SWIFT_VERSION = 5.0;
				TARGETED_DEVICE_FAMILY = "1,2";
				TEST_HOST = "$(BUILT_PRODUCTS_DIR)/SoundByte2.0.app/$(BUNDLE_EXECUTABLE_FOLDER_PATH)/SoundByte2.0";
			};
			name = Debug;
		};
		F4D7E7FB2C06766D00E8D450 /* Release */ = {
			isa = XCBuildConfiguration;
			buildSettings = {
				ALWAYS_EMBED_SWIFT_STANDARD_LIBRARIES = YES;
				BUNDLE_LOADER = "$(TEST_HOST)";
				CODE_SIGN_STYLE = Automatic;
				CURRENT_PROJECT_VERSION = 1;
				DEVELOPMENT_TEAM = ZRLJ26H2AQ;
				GENERATE_INFOPLIST_FILE = YES;
				IPHONEOS_DEPLOYMENT_TARGET = 17.0;
				MARKETING_VERSION = 1.0;
				PRODUCT_BUNDLE_IDENTIFIER = "JackDurfee.SoundByte-2-0Tests";
				PRODUCT_NAME = "$(TARGET_NAME)";
				SWIFT_EMIT_LOC_STRINGS = NO;
				SWIFT_VERSION = 5.0;
				TARGETED_DEVICE_FAMILY = "1,2";
				TEST_HOST = "$(BUILT_PRODUCTS_DIR)/SoundByte2.0.app/$(BUNDLE_EXECUTABLE_FOLDER_PATH)/SoundByte2.0";
			};
			name = Release;
		};
		F4D7E7FD2C06766D00E8D450 /* Debug */ = {
			isa = XCBuildConfiguration;
			buildSettings = {
				ALWAYS_EMBED_SWIFT_STANDARD_LIBRARIES = YES;
				CODE_SIGN_STYLE = Automatic;
				CURRENT_PROJECT_VERSION = 1;
				DEVELOPMENT_TEAM = ZRLJ26H2AQ;
				GENERATE_INFOPLIST_FILE = YES;
				IPHONEOS_DEPLOYMENT_TARGET = 17.0;
				MARKETING_VERSION = 1.0;
				PRODUCT_BUNDLE_IDENTIFIER = "JackDurfee.SoundByte-2-0UITests";
				PRODUCT_NAME = "$(TARGET_NAME)";
				SWIFT_EMIT_LOC_STRINGS = NO;
				SWIFT_VERSION = 5.0;
				TARGETED_DEVICE_FAMILY = "1,2";
				TEST_TARGET_NAME = "SoundByte 2.0";
			};
			name = Debug;
		};
		F4D7E7FE2C06766D00E8D450 /* Release */ = {
			isa = XCBuildConfiguration;
			buildSettings = {
				ALWAYS_EMBED_SWIFT_STANDARD_LIBRARIES = YES;
				CODE_SIGN_STYLE = Automatic;
				CURRENT_PROJECT_VERSION = 1;
				DEVELOPMENT_TEAM = ZRLJ26H2AQ;
				GENERATE_INFOPLIST_FILE = YES;
				IPHONEOS_DEPLOYMENT_TARGET = 17.0;
				MARKETING_VERSION = 1.0;
				PRODUCT_BUNDLE_IDENTIFIER = "JackDurfee.SoundByte-2-0UITests";
				PRODUCT_NAME = "$(TARGET_NAME)";
				SWIFT_EMIT_LOC_STRINGS = NO;
				SWIFT_VERSION = 5.0;
				TARGETED_DEVICE_FAMILY = "1,2";
				TEST_TARGET_NAME = "SoundByte 2.0";
			};
			name = Release;
		};
/* End XCBuildConfiguration section */

/* Begin XCConfigurationList section */
		F4D7E7CD2C06766C00E8D450 /* Build configuration list for PBXProject "SoundByte2.0" */ = {
			isa = XCConfigurationList;
			buildConfigurations = (
				F4D7E7F42C06766D00E8D450 /* Debug */,
				F4D7E7F52C06766D00E8D450 /* Release */,
			);
			defaultConfigurationIsVisible = 0;
			defaultConfigurationName = Release;
		};
		F4D7E7F62C06766D00E8D450 /* Build configuration list for PBXNativeTarget "SoundByte2.0" */ = {
			isa = XCConfigurationList;
			buildConfigurations = (
				F4D7E7F72C06766D00E8D450 /* Debug */,
				F4D7E7F82C06766D00E8D450 /* Release */,
			);
			defaultConfigurationIsVisible = 0;
			defaultConfigurationName = Release;
		};
		F4D7E7F92C06766D00E8D450 /* Build configuration list for PBXNativeTarget "SoundByte2.0Tests" */ = {
			isa = XCConfigurationList;
			buildConfigurations = (
				F4D7E7FA2C06766D00E8D450 /* Debug */,
				F4D7E7FB2C06766D00E8D450 /* Release */,
			);
			defaultConfigurationIsVisible = 0;
			defaultConfigurationName = Release;
		};
		F4D7E7FC2C06766D00E8D450 /* Build configuration list for PBXNativeTarget "SoundByte2.0UITests" */ = {
			isa = XCConfigurationList;
			buildConfigurations = (
				F4D7E7FD2C06766D00E8D450 /* Debug */,
				F4D7E7FE2C06766D00E8D450 /* Release */,
			);
			defaultConfigurationIsVisible = 0;
			defaultConfigurationName = Release;
		};
/* End XCConfigurationList section */

/* Begin XCRemoteSwiftPackageReference section */
		F4D7E7FF2C06769700E8D450 /* XCRemoteSwiftPackageReference "AudioKit" */ = {
			isa = XCRemoteSwiftPackageReference;
			repositoryURL = "https://github.com/AudioKit/AudioKit.git";
			requirement = {
				kind = upToNextMajorVersion;
				minimumVersion = 5.6.4;
			};
		};
		F4D7E8022C0676E400E8D450 /* XCRemoteSwiftPackageReference "AudioKitEX" */ = {
			isa = XCRemoteSwiftPackageReference;
			repositoryURL = "https://github.com/AudioKit/AudioKitEX.git";
			requirement = {
				kind = upToNextMajorVersion;
				minimumVersion = 5.6.0;
			};
		};
		F4D7E8052C06771300E8D450 /* XCRemoteSwiftPackageReference "SoundpipeAudioKit" */ = {
			isa = XCRemoteSwiftPackageReference;
			repositoryURL = "https://github.com/AudioKit/SoundpipeAudioKit.git";
			requirement = {
				kind = upToNextMajorVersion;
				minimumVersion = 5.6.1;
			};
		};
/* End XCRemoteSwiftPackageReference section */

/* Begin XCSwiftPackageProductDependency section */
		F4D7E8002C0676C800E8D450 /* AudioKit */ = {
			isa = XCSwiftPackageProductDependency;
			package = F4D7E7FF2C06769700E8D450 /* XCRemoteSwiftPackageReference "AudioKit" */;
			productName = AudioKit;
		};
		F4D7E8032C0676E400E8D450 /* AudioKitEX */ = {
			isa = XCSwiftPackageProductDependency;
			package = F4D7E8022C0676E400E8D450 /* XCRemoteSwiftPackageReference "AudioKitEX" */;
			productName = AudioKitEX;
		};
		F4D7E8062C06771300E8D450 /* SoundpipeAudioKit */ = {
			isa = XCSwiftPackageProductDependency;
			package = F4D7E8052C06771300E8D450 /* XCRemoteSwiftPackageReference "SoundpipeAudioKit" */;
			productName = SoundpipeAudioKit;
		};
/* End XCSwiftPackageProductDependency section */
	};
	rootObject = F4D7E7CA2C06766C00E8D450 /* Project object */;
}
