// !$*UTF8*$!
{
	archiveVersion = 1;
	classes = {
	};
	objectVersion = 56;
	objects = {

/* Begin PBXBuildFile section */
		3AEE2BF12BF5274F007A51E7 /* SoundByteV1App.swift in Sources */ = {isa = PBXBuildFile; fileRef = 3AEE2BF02BF5274F007A51E7 /* SoundByteV1App.swift */; };
		3AEE2BF32BF5274F007A51E7 /* ContentView.swift in Sources */ = {isa = PBXBuildFile; fileRef = 3AEE2BF22BF5274F007A51E7 /* ContentView.swift */; };
		3AEE2BF52BF5275C007A51E7 /* Assets.xcassets in Resources */ = {isa = PBXBuildFile; fileRef = 3AEE2BF42BF5275C007A51E7 /* Assets.xcassets */; };
		3AEE2BF82BF5275C007A51E7 /* Preview Assets.xcassets in Resources */ = {isa = PBXBuildFile; fileRef = 3AEE2BF72BF5275C007A51E7 /* Preview Assets.xcassets */; };
		3AEE2C022BF5275C007A51E7 /* SoundByteV1Tests.swift in Sources */ = {isa = PBXBuildFile; fileRef = 3AEE2C012BF5275C007A51E7 /* SoundByteV1Tests.swift */; };
		3AEE2C0C2BF5275D007A51E7 /* SoundByteV1UITests.swift in Sources */ = {isa = PBXBuildFile; fileRef = 3AEE2C0B2BF5275D007A51E7 /* SoundByteV1UITests.swift */; };
		3AEE2C0E2BF5275D007A51E7 /* SoundByteV1UITestsLaunchTests.swift in Sources */ = {isa = PBXBuildFile; fileRef = 3AEE2C0D2BF5275D007A51E7 /* SoundByteV1UITestsLaunchTests.swift */; };
		F42199602BF52B5B00BD0A09 /* StartScreen.swift in Sources */ = {isa = PBXBuildFile; fileRef = F421995F2BF52B5B00BD0A09 /* StartScreen.swift */; };
		F42199642BF5353800BD0A09 /* ToolBar.swift in Sources */ = {isa = PBXBuildFile; fileRef = F42199632BF5353800BD0A09 /* ToolBar.swift */; };
		F4F8FBBA2BFBC8AF0064D330 /* PitchVisualizer.swift in Sources */ = {isa = PBXBuildFile; fileRef = F4F8FBB92BFBC8AF0064D330 /* PitchVisualizer.swift */; };
		F4F8FBBE2BFD0C760064D330 /* FreqGraphMapper.swift in Sources */ = {isa = PBXBuildFile; fileRef = F4F8FBBD2BFD0C760064D330 /* FreqGraphMapper.swift */; };
/* End PBXBuildFile section */

/* Begin PBXContainerItemProxy section */
		3AEE2BFE2BF5275C007A51E7 /* PBXContainerItemProxy */ = {
			isa = PBXContainerItemProxy;
			containerPortal = 3AEE2BE52BF5274F007A51E7 /* Project object */;
			proxyType = 1;
			remoteGlobalIDString = 3AEE2BEC2BF5274F007A51E7;
			remoteInfo = SoundByteV1;
		};
		3AEE2C082BF5275D007A51E7 /* PBXContainerItemProxy */ = {
			isa = PBXContainerItemProxy;
			containerPortal = 3AEE2BE52BF5274F007A51E7 /* Project object */;
			proxyType = 1;
			remoteGlobalIDString = 3AEE2BEC2BF5274F007A51E7;
			remoteInfo = SoundByteV1;
		};
/* End PBXContainerItemProxy section */

/* Begin PBXFileReference section */
		3AEE2BED2BF5274F007A51E7 /* SoundByteV1.app */ = {isa = PBXFileReference; explicitFileType = wrapper.application; includeInIndex = 0; path = SoundByteV1.app; sourceTree = BUILT_PRODUCTS_DIR; };
		3AEE2BF02BF5274F007A51E7 /* SoundByteV1App.swift */ = {isa = PBXFileReference; lastKnownFileType = sourcecode.swift; path = SoundByteV1App.swift; sourceTree = "<group>"; };
		3AEE2BF22BF5274F007A51E7 /* ContentView.swift */ = {isa = PBXFileReference; lastKnownFileType = sourcecode.swift; path = ContentView.swift; sourceTree = "<group>"; };
		3AEE2BF42BF5275C007A51E7 /* Assets.xcassets */ = {isa = PBXFileReference; lastKnownFileType = folder.assetcatalog; path = Assets.xcassets; sourceTree = "<group>"; };
		3AEE2BF72BF5275C007A51E7 /* Preview Assets.xcassets */ = {isa = PBXFileReference; lastKnownFileType = folder.assetcatalog; path = "Preview Assets.xcassets"; sourceTree = "<group>"; };
		3AEE2BFD2BF5275C007A51E7 /* SoundByteV1Tests.xctest */ = {isa = PBXFileReference; explicitFileType = wrapper.cfbundle; includeInIndex = 0; path = SoundByteV1Tests.xctest; sourceTree = BUILT_PRODUCTS_DIR; };
		3AEE2C012BF5275C007A51E7 /* SoundByteV1Tests.swift */ = {isa = PBXFileReference; lastKnownFileType = sourcecode.swift; path = SoundByteV1Tests.swift; sourceTree = "<group>"; };
		3AEE2C072BF5275D007A51E7 /* SoundByteV1UITests.xctest */ = {isa = PBXFileReference; explicitFileType = wrapper.cfbundle; includeInIndex = 0; path = SoundByteV1UITests.xctest; sourceTree = BUILT_PRODUCTS_DIR; };
		3AEE2C0B2BF5275D007A51E7 /* SoundByteV1UITests.swift */ = {isa = PBXFileReference; lastKnownFileType = sourcecode.swift; path = SoundByteV1UITests.swift; sourceTree = "<group>"; };
		3AEE2C0D2BF5275D007A51E7 /* SoundByteV1UITestsLaunchTests.swift */ = {isa = PBXFileReference; lastKnownFileType = sourcecode.swift; path = SoundByteV1UITestsLaunchTests.swift; sourceTree = "<group>"; };
		F421995F2BF52B5B00BD0A09 /* StartScreen.swift */ = {isa = PBXFileReference; lastKnownFileType = sourcecode.swift; path = StartScreen.swift; sourceTree = "<group>"; };
		F42199632BF5353800BD0A09 /* ToolBar.swift */ = {isa = PBXFileReference; lastKnownFileType = sourcecode.swift; path = ToolBar.swift; sourceTree = "<group>"; };
		F4F8FBB92BFBC8AF0064D330 /* PitchVisualizer.swift */ = {isa = PBXFileReference; lastKnownFileType = sourcecode.swift; path = PitchVisualizer.swift; sourceTree = "<group>"; };
		F4F8FBBD2BFD0C760064D330 /* FreqGraphMapper.swift */ = {isa = PBXFileReference; lastKnownFileType = sourcecode.swift; path = FreqGraphMapper.swift; sourceTree = "<group>"; };
		F4F8FBBF2BFD17BA0064D330 /* Test.playground */ = {isa = PBXFileReference; lastKnownFileType = file.playground; path = Test.playground; sourceTree = "<group>"; xcLanguageSpecificationIdentifier = xcode.lang.swift; };
/* End PBXFileReference section */

/* Begin PBXFrameworksBuildPhase section */
		3AEE2BEA2BF5274F007A51E7 /* Frameworks */ = {
			isa = PBXFrameworksBuildPhase;
			buildActionMask = 2147483647;
			files = (
			);
			runOnlyForDeploymentPostprocessing = 0;
		};
		3AEE2BFA2BF5275C007A51E7 /* Frameworks */ = {
			isa = PBXFrameworksBuildPhase;
			buildActionMask = 2147483647;
			files = (
			);
			runOnlyForDeploymentPostprocessing = 0;
		};
		3AEE2C042BF5275D007A51E7 /* Frameworks */ = {
			isa = PBXFrameworksBuildPhase;
			buildActionMask = 2147483647;
			files = (
			);
			runOnlyForDeploymentPostprocessing = 0;
		};
/* End PBXFrameworksBuildPhase section */

/* Begin PBXGroup section */
		3AEE2BE42BF5274F007A51E7 = {
			isa = PBXGroup;
			children = (
				3AEE2BEF2BF5274F007A51E7 /* SoundByteV1 */,
				3AEE2C002BF5275C007A51E7 /* SoundByteV1Tests */,
				3AEE2C0A2BF5275D007A51E7 /* SoundByteV1UITests */,
				3AEE2BEE2BF5274F007A51E7 /* Products */,
			);
			sourceTree = "<group>";
		};
		3AEE2BEE2BF5274F007A51E7 /* Products */ = {
			isa = PBXGroup;
			children = (
				3AEE2BED2BF5274F007A51E7 /* SoundByteV1.app */,
				3AEE2BFD2BF5275C007A51E7 /* SoundByteV1Tests.xctest */,
				3AEE2C072BF5275D007A51E7 /* SoundByteV1UITests.xctest */,
			);
			name = Products;
			sourceTree = "<group>";
		};
		3AEE2BEF2BF5274F007A51E7 /* SoundByteV1 */ = {
			isa = PBXGroup;
			children = (
				F4F8FBBF2BFD17BA0064D330 /* Test.playground */,
				3AEE2BF02BF5274F007A51E7 /* SoundByteV1App.swift */,
				F4F8FBBD2BFD0C760064D330 /* FreqGraphMapper.swift */,
				3AEE2BF22BF5274F007A51E7 /* ContentView.swift */,
				F4F8FBB92BFBC8AF0064D330 /* PitchVisualizer.swift */,
				F421995F2BF52B5B00BD0A09 /* StartScreen.swift */,
				F42199632BF5353800BD0A09 /* ToolBar.swift */,
				3AEE2BF42BF5275C007A51E7 /* Assets.xcassets */,
				3AEE2BF62BF5275C007A51E7 /* Preview Content */,
			);
			path = SoundByteV1;
			sourceTree = "<group>";
		};
		3AEE2BF62BF5275C007A51E7 /* Preview Content */ = {
			isa = PBXGroup;
			children = (
				3AEE2BF72BF5275C007A51E7 /* Preview Assets.xcassets */,
			);
			path = "Preview Content";
			sourceTree = "<group>";
		};
		3AEE2C002BF5275C007A51E7 /* SoundByteV1Tests */ = {
			isa = PBXGroup;
			children = (
				3AEE2C012BF5275C007A51E7 /* SoundByteV1Tests.swift */,
			);
			path = SoundByteV1Tests;
			sourceTree = "<group>";
		};
		3AEE2C0A2BF5275D007A51E7 /* SoundByteV1UITests */ = {
			isa = PBXGroup;
			children = (
				3AEE2C0B2BF5275D007A51E7 /* SoundByteV1UITests.swift */,
				3AEE2C0D2BF5275D007A51E7 /* SoundByteV1UITestsLaunchTests.swift */,
			);
			path = SoundByteV1UITests;
			sourceTree = "<group>";
		};
/* End PBXGroup section */

/* Begin PBXNativeTarget section */
		3AEE2BEC2BF5274F007A51E7 /* SoundByteV1 */ = {
			isa = PBXNativeTarget;
			buildConfigurationList = 3AEE2C112BF5275D007A51E7 /* Build configuration list for PBXNativeTarget "SoundByteV1" */;
			buildPhases = (
				3AEE2BE92BF5274F007A51E7 /* Sources */,
				3AEE2BEA2BF5274F007A51E7 /* Frameworks */,
				3AEE2BEB2BF5274F007A51E7 /* Resources */,
			);
			buildRules = (
			);
			dependencies = (
			);
			name = SoundByteV1;
			productName = SoundByteV1;
			productReference = 3AEE2BED2BF5274F007A51E7 /* SoundByteV1.app */;
			productType = "com.apple.product-type.application";
		};
		3AEE2BFC2BF5275C007A51E7 /* SoundByteV1Tests */ = {
			isa = PBXNativeTarget;
			buildConfigurationList = 3AEE2C142BF5275D007A51E7 /* Build configuration list for PBXNativeTarget "SoundByteV1Tests" */;
			buildPhases = (
				3AEE2BF92BF5275C007A51E7 /* Sources */,
				3AEE2BFA2BF5275C007A51E7 /* Frameworks */,
				3AEE2BFB2BF5275C007A51E7 /* Resources */,
			);
			buildRules = (
			);
			dependencies = (
				3AEE2BFF2BF5275C007A51E7 /* PBXTargetDependency */,
			);
			name = SoundByteV1Tests;
			productName = SoundByteV1Tests;
			productReference = 3AEE2BFD2BF5275C007A51E7 /* SoundByteV1Tests.xctest */;
			productType = "com.apple.product-type.bundle.unit-test";
		};
		3AEE2C062BF5275D007A51E7 /* SoundByteV1UITests */ = {
			isa = PBXNativeTarget;
			buildConfigurationList = 3AEE2C172BF5275D007A51E7 /* Build configuration list for PBXNativeTarget "SoundByteV1UITests" */;
			buildPhases = (
				3AEE2C032BF5275D007A51E7 /* Sources */,
				3AEE2C042BF5275D007A51E7 /* Frameworks */,
				3AEE2C052BF5275D007A51E7 /* Resources */,
			);
			buildRules = (
			);
			dependencies = (
				3AEE2C092BF5275D007A51E7 /* PBXTargetDependency */,
			);
			name = SoundByteV1UITests;
			productName = SoundByteV1UITests;
			productReference = 3AEE2C072BF5275D007A51E7 /* SoundByteV1UITests.xctest */;
			productType = "com.apple.product-type.bundle.ui-testing";
		};
/* End PBXNativeTarget section */

/* Begin PBXProject section */
		3AEE2BE52BF5274F007A51E7 /* Project object */ = {
			isa = PBXProject;
			attributes = {
				BuildIndependentTargetsInParallel = 1;
				LastSwiftUpdateCheck = 1430;
				LastUpgradeCheck = 1540;
				TargetAttributes = {
					3AEE2BEC2BF5274F007A51E7 = {
						CreatedOnToolsVersion = 14.3;
					};
					3AEE2BFC2BF5275C007A51E7 = {
						CreatedOnToolsVersion = 14.3;
						TestTargetID = 3AEE2BEC2BF5274F007A51E7;
					};
					3AEE2C062BF5275D007A51E7 = {
						CreatedOnToolsVersion = 14.3;
						TestTargetID = 3AEE2BEC2BF5274F007A51E7;
					};
				};
			};
			buildConfigurationList = 3AEE2BE82BF5274F007A51E7 /* Build configuration list for PBXProject "SoundByteV1" */;
			compatibilityVersion = "Xcode 14.0";
			developmentRegion = en;
			hasScannedForEncodings = 0;
			knownRegions = (
				en,
				Base,
			);
			mainGroup = 3AEE2BE42BF5274F007A51E7;
			productRefGroup = 3AEE2BEE2BF5274F007A51E7 /* Products */;
			projectDirPath = "";
			projectRoot = "";
			targets = (
				3AEE2BEC2BF5274F007A51E7 /* SoundByteV1 */,
				3AEE2BFC2BF5275C007A51E7 /* SoundByteV1Tests */,
				3AEE2C062BF5275D007A51E7 /* SoundByteV1UITests */,
			);
		};
/* End PBXProject section */

/* Begin PBXResourcesBuildPhase section */
		3AEE2BEB2BF5274F007A51E7 /* Resources */ = {
			isa = PBXResourcesBuildPhase;
			buildActionMask = 2147483647;
			files = (
				3AEE2BF82BF5275C007A51E7 /* Preview Assets.xcassets in Resources */,
				3AEE2BF52BF5275C007A51E7 /* Assets.xcassets in Resources */,
			);
			runOnlyForDeploymentPostprocessing = 0;
		};
		3AEE2BFB2BF5275C007A51E7 /* Resources */ = {
			isa = PBXResourcesBuildPhase;
			buildActionMask = 2147483647;
			files = (
			);
			runOnlyForDeploymentPostprocessing = 0;
		};
		3AEE2C052BF5275D007A51E7 /* Resources */ = {
			isa = PBXResourcesBuildPhase;
			buildActionMask = 2147483647;
			files = (
			);
			runOnlyForDeploymentPostprocessing = 0;
		};
/* End PBXResourcesBuildPhase section */

/* Begin PBXSourcesBuildPhase section */
		3AEE2BE92BF5274F007A51E7 /* Sources */ = {
			isa = PBXSourcesBuildPhase;
			buildActionMask = 2147483647;
			files = (
				F4F8FBBA2BFBC8AF0064D330 /* PitchVisualizer.swift in Sources */,
				3AEE2BF32BF5274F007A51E7 /* ContentView.swift in Sources */,
				F42199602BF52B5B00BD0A09 /* StartScreen.swift in Sources */,
				3AEE2BF12BF5274F007A51E7 /* SoundByteV1App.swift in Sources */,
				F4F8FBBE2BFD0C760064D330 /* FreqGraphMapper.swift in Sources */,
				F42199642BF5353800BD0A09 /* ToolBar.swift in Sources */,
			);
			runOnlyForDeploymentPostprocessing = 0;
		};
		3AEE2BF92BF5275C007A51E7 /* Sources */ = {
			isa = PBXSourcesBuildPhase;
			buildActionMask = 2147483647;
			files = (
				3AEE2C022BF5275C007A51E7 /* SoundByteV1Tests.swift in Sources */,
			);
			runOnlyForDeploymentPostprocessing = 0;
		};
		3AEE2C032BF5275D007A51E7 /* Sources */ = {
			isa = PBXSourcesBuildPhase;
			buildActionMask = 2147483647;
			files = (
				3AEE2C0C2BF5275D007A51E7 /* SoundByteV1UITests.swift in Sources */,
				3AEE2C0E2BF5275D007A51E7 /* SoundByteV1UITestsLaunchTests.swift in Sources */,
			);
			runOnlyForDeploymentPostprocessing = 0;
		};
/* End PBXSourcesBuildPhase section */

/* Begin PBXTargetDependency section */
		3AEE2BFF2BF5275C007A51E7 /* PBXTargetDependency */ = {
			isa = PBXTargetDependency;
			target = 3AEE2BEC2BF5274F007A51E7 /* SoundByteV1 */;
			targetProxy = 3AEE2BFE2BF5275C007A51E7 /* PBXContainerItemProxy */;
		};
		3AEE2C092BF5275D007A51E7 /* PBXTargetDependency */ = {
			isa = PBXTargetDependency;
			target = 3AEE2BEC2BF5274F007A51E7 /* SoundByteV1 */;
			targetProxy = 3AEE2C082BF5275D007A51E7 /* PBXContainerItemProxy */;
		};
/* End PBXTargetDependency section */

/* Begin XCBuildConfiguration section */
		3AEE2C0F2BF5275D007A51E7 /* Debug */ = {
			isa = XCBuildConfiguration;
			buildSettings = {
				ALWAYS_SEARCH_USER_PATHS = NO;
				CLANG_ANALYZER_NONNULL = YES;
				CLANG_ANALYZER_NUMBER_OBJECT_CONVERSION = YES_AGGRESSIVE;
				CLANG_CXX_LANGUAGE_STANDARD = "gnu++20";
				CLANG_ENABLE_MODULES = YES;
				CLANG_ENABLE_OBJC_ARC = YES;
				CLANG_ENABLE_OBJC_WEAK = YES;
				CLANG_WARN_BLOCK_CAPTURE_AUTORELEASING = YES;
				CLANG_WARN_BOOL_CONVERSION = YES;
				CLANG_WARN_COMMA = YES;
				CLANG_WARN_CONSTANT_CONVERSION = YES;
				CLANG_WARN_DEPRECATED_OBJC_IMPLEMENTATIONS = YES;
				CLANG_WARN_DIRECT_OBJC_ISA_USAGE = YES_ERROR;
				CLANG_WARN_DOCUMENTATION_COMMENTS = YES;
				CLANG_WARN_EMPTY_BODY = YES;
				CLANG_WARN_ENUM_CONVERSION = YES;
				CLANG_WARN_INFINITE_RECURSION = YES;
				CLANG_WARN_INT_CONVERSION = YES;
				CLANG_WARN_NON_LITERAL_NULL_CONVERSION = YES;
				CLANG_WARN_OBJC_IMPLICIT_RETAIN_SELF = YES;
				CLANG_WARN_OBJC_LITERAL_CONVERSION = YES;
				CLANG_WARN_OBJC_ROOT_CLASS = YES_ERROR;
				CLANG_WARN_QUOTED_INCLUDE_IN_FRAMEWORK_HEADER = YES;
				CLANG_WARN_RANGE_LOOP_ANALYSIS = YES;
				CLANG_WARN_STRICT_PROTOTYPES = YES;
				CLANG_WARN_SUSPICIOUS_MOVE = YES;
				CLANG_WARN_UNGUARDED_AVAILABILITY = YES_AGGRESSIVE;
				CLANG_WARN_UNREACHABLE_CODE = YES;
				CLANG_WARN__DUPLICATE_METHOD_MATCH = YES;
				COPY_PHASE_STRIP = NO;
				DEBUG_INFORMATION_FORMAT = dwarf;
				ENABLE_STRICT_OBJC_MSGSEND = YES;
				ENABLE_TESTABILITY = YES;
				ENABLE_USER_SCRIPT_SANDBOXING = YES;
				GCC_C_LANGUAGE_STANDARD = gnu11;
				GCC_DYNAMIC_NO_PIC = NO;
				GCC_NO_COMMON_BLOCKS = YES;
				GCC_OPTIMIZATION_LEVEL = 0;
				GCC_PREPROCESSOR_DEFINITIONS = (
					"DEBUG=1",
					"$(inherited)",
				);
				GCC_WARN_64_TO_32_BIT_CONVERSION = YES;
				GCC_WARN_ABOUT_RETURN_TYPE = YES_ERROR;
				GCC_WARN_UNDECLARED_SELECTOR = YES;
				GCC_WARN_UNINITIALIZED_AUTOS = YES_AGGRESSIVE;
				GCC_WARN_UNUSED_FUNCTION = YES;
				GCC_WARN_UNUSED_VARIABLE = YES;
				IPHONEOS_DEPLOYMENT_TARGET = 16.4;
				MTL_ENABLE_DEBUG_INFO = INCLUDE_SOURCE;
				MTL_FAST_MATH = YES;
				ONLY_ACTIVE_ARCH = YES;
				SDKROOT = iphoneos;
				SWIFT_ACTIVE_COMPILATION_CONDITIONS = DEBUG;
				SWIFT_OPTIMIZATION_LEVEL = "-Onone";
			};
			name = Debug;
		};
		3AEE2C102BF5275D007A51E7 /* Release */ = {
			isa = XCBuildConfiguration;
			buildSettings = {
				ALWAYS_SEARCH_USER_PATHS = NO;
				CLANG_ANALYZER_NONNULL = YES;
				CLANG_ANALYZER_NUMBER_OBJECT_CONVERSION = YES_AGGRESSIVE;
				CLANG_CXX_LANGUAGE_STANDARD = "gnu++20";
				CLANG_ENABLE_MODULES = YES;
				CLANG_ENABLE_OBJC_ARC = YES;
				CLANG_ENABLE_OBJC_WEAK = YES;
				CLANG_WARN_BLOCK_CAPTURE_AUTORELEASING = YES;
				CLANG_WARN_BOOL_CONVERSION = YES;
				CLANG_WARN_COMMA = YES;
				CLANG_WARN_CONSTANT_CONVERSION = YES;
				CLANG_WARN_DEPRECATED_OBJC_IMPLEMENTATIONS = YES;
				CLANG_WARN_DIRECT_OBJC_ISA_USAGE = YES_ERROR;
				CLANG_WARN_DOCUMENTATION_COMMENTS = YES;
				CLANG_WARN_EMPTY_BODY = YES;
				CLANG_WARN_ENUM_CONVERSION = YES;
				CLANG_WARN_INFINITE_RECURSION = YES;
				CLANG_WARN_INT_CONVERSION = YES;
				CLANG_WARN_NON_LITERAL_NULL_CONVERSION = YES;
				CLANG_WARN_OBJC_IMPLICIT_RETAIN_SELF = YES;
				CLANG_WARN_OBJC_LITERAL_CONVERSION = YES;
				CLANG_WARN_OBJC_ROOT_CLASS = YES_ERROR;
				CLANG_WARN_QUOTED_INCLUDE_IN_FRAMEWORK_HEADER = YES;
				CLANG_WARN_RANGE_LOOP_ANALYSIS = YES;
				CLANG_WARN_STRICT_PROTOTYPES = YES;
				CLANG_WARN_SUSPICIOUS_MOVE = YES;
				CLANG_WARN_UNGUARDED_AVAILABILITY = YES_AGGRESSIVE;
				CLANG_WARN_UNREACHABLE_CODE = YES;
				CLANG_WARN__DUPLICATE_METHOD_MATCH = YES;
				COPY_PHASE_STRIP = NO;
				DEBUG_INFORMATION_FORMAT = "dwarf-with-dsym";
				ENABLE_NS_ASSERTIONS = NO;
				ENABLE_STRICT_OBJC_MSGSEND = YES;
				ENABLE_USER_SCRIPT_SANDBOXING = YES;
				GCC_C_LANGUAGE_STANDARD = gnu11;
				GCC_NO_COMMON_BLOCKS = YES;
				GCC_WARN_64_TO_32_BIT_CONVERSION = YES;
				GCC_WARN_ABOUT_RETURN_TYPE = YES_ERROR;
				GCC_WARN_UNDECLARED_SELECTOR = YES;
				GCC_WARN_UNINITIALIZED_AUTOS = YES_AGGRESSIVE;
				GCC_WARN_UNUSED_FUNCTION = YES;
				GCC_WARN_UNUSED_VARIABLE = YES;
				IPHONEOS_DEPLOYMENT_TARGET = 16.4;
				MTL_ENABLE_DEBUG_INFO = NO;
				MTL_FAST_MATH = YES;
				SDKROOT = iphoneos;
				SWIFT_COMPILATION_MODE = wholemodule;
				SWIFT_OPTIMIZATION_LEVEL = "-O";
				VALIDATE_PRODUCT = YES;
			};
			name = Release;
		};
		3AEE2C122BF5275D007A51E7 /* Debug */ = {
			isa = XCBuildConfiguration;
			buildSettings = {
				ASSETCATALOG_COMPILER_APPICON_NAME = AppIcon;
				ASSETCATALOG_COMPILER_GLOBAL_ACCENT_COLOR_NAME = AccentColor;
				CODE_SIGN_STYLE = Automatic;
				CURRENT_PROJECT_VERSION = 1;
				DEVELOPMENT_ASSET_PATHS = "\"SoundByteV1/Preview Content\"";
				DEVELOPMENT_TEAM = ZRLJ26H2AQ;
				ENABLE_PREVIEWS = YES;
				GENERATE_INFOPLIST_FILE = YES;
				INFOPLIST_KEY_UIApplicationSceneManifest_Generation = YES;
				INFOPLIST_KEY_UIApplicationSupportsIndirectInputEvents = YES;
				INFOPLIST_KEY_UILaunchScreen_Generation = YES;
				INFOPLIST_KEY_UISupportedInterfaceOrientations_iPad = "UIInterfaceOrientationPortrait UIInterfaceOrientationPortraitUpsideDown UIInterfaceOrientationLandscapeLeft UIInterfaceOrientationLandscapeRight";
				INFOPLIST_KEY_UISupportedInterfaceOrientations_iPhone = "UIInterfaceOrientationPortrait UIInterfaceOrientationLandscapeLeft UIInterfaceOrientationLandscapeRight";
				LD_RUNPATH_SEARCH_PATHS = (
					"$(inherited)",
					"@executable_path/Frameworks",
				);
				MARKETING_VERSION = 1.0;
				PRODUCT_BUNDLE_IDENTIFIER = SoundByteV1;
				PRODUCT_NAME = "$(TARGET_NAME)";
				SWIFT_EMIT_LOC_STRINGS = YES;
				SWIFT_VERSION = 5.0;
				TARGETED_DEVICE_FAMILY = "1,2";
			};
			name = Debug;
		};
		3AEE2C132BF5275D007A51E7 /* Release */ = {
			isa = XCBuildConfiguration;
			buildSettings = {
				ASSETCATALOG_COMPILER_APPICON_NAME = AppIcon;
				ASSETCATALOG_COMPILER_GLOBAL_ACCENT_COLOR_NAME = AccentColor;
				CODE_SIGN_STYLE = Automatic;
				CURRENT_PROJECT_VERSION = 1;
				DEVELOPMENT_ASSET_PATHS = "\"SoundByteV1/Preview Content\"";
				DEVELOPMENT_TEAM = ZRLJ26H2AQ;
				ENABLE_PREVIEWS = YES;
				GENERATE_INFOPLIST_FILE = YES;
				INFOPLIST_KEY_UIApplicationSceneManifest_Generation = YES;
				INFOPLIST_KEY_UIApplicationSupportsIndirectInputEvents = YES;
				INFOPLIST_KEY_UILaunchScreen_Generation = YES;
				INFOPLIST_KEY_UISupportedInterfaceOrientations_iPad = "UIInterfaceOrientationPortrait UIInterfaceOrientationPortraitUpsideDown UIInterfaceOrientationLandscapeLeft UIInterfaceOrientationLandscapeRight";
				INFOPLIST_KEY_UISupportedInterfaceOrientations_iPhone = "UIInterfaceOrientationPortrait UIInterfaceOrientationLandscapeLeft UIInterfaceOrientationLandscapeRight";
				LD_RUNPATH_SEARCH_PATHS = (
					"$(inherited)",
					"@executable_path/Frameworks",
				);
				MARKETING_VERSION = 1.0;
				PRODUCT_BUNDLE_IDENTIFIER = SoundByteV1;
				PRODUCT_NAME = "$(TARGET_NAME)";
				SWIFT_EMIT_LOC_STRINGS = YES;
				SWIFT_VERSION = 5.0;
				TARGETED_DEVICE_FAMILY = "1,2";
			};
			name = Release;
		};
		3AEE2C152BF5275D007A51E7 /* Debug */ = {
			isa = XCBuildConfiguration;
			buildSettings = {
				ALWAYS_EMBED_SWIFT_STANDARD_LIBRARIES = YES;
				BUNDLE_LOADER = "$(TEST_HOST)";
				CODE_SIGN_STYLE = Automatic;
				CURRENT_PROJECT_VERSION = 1;
				DEVELOPMENT_TEAM = ZRLJ26H2AQ;
				GENERATE_INFOPLIST_FILE = YES;
				IPHONEOS_DEPLOYMENT_TARGET = 16.4;
				MARKETING_VERSION = 1.0;
				PRODUCT_BUNDLE_IDENTIFIER = SoundByteV1Tests;
				PRODUCT_NAME = "$(TARGET_NAME)";
				SWIFT_EMIT_LOC_STRINGS = NO;
				SWIFT_VERSION = 5.0;
				TARGETED_DEVICE_FAMILY = "1,2";
				TEST_HOST = "$(BUILT_PRODUCTS_DIR)/SoundByteV1.app/$(BUNDLE_EXECUTABLE_FOLDER_PATH)/SoundByteV1";
			};
			name = Debug;
		};
		3AEE2C162BF5275D007A51E7 /* Release */ = {
			isa = XCBuildConfiguration;
			buildSettings = {
				ALWAYS_EMBED_SWIFT_STANDARD_LIBRARIES = YES;
				BUNDLE_LOADER = "$(TEST_HOST)";
				CODE_SIGN_STYLE = Automatic;
				CURRENT_PROJECT_VERSION = 1;
				DEVELOPMENT_TEAM = ZRLJ26H2AQ;
				GENERATE_INFOPLIST_FILE = YES;
				IPHONEOS_DEPLOYMENT_TARGET = 16.4;
				MARKETING_VERSION = 1.0;
				PRODUCT_BUNDLE_IDENTIFIER = SoundByteV1Tests;
				PRODUCT_NAME = "$(TARGET_NAME)";
				SWIFT_EMIT_LOC_STRINGS = NO;
				SWIFT_VERSION = 5.0;
				TARGETED_DEVICE_FAMILY = "1,2";
				TEST_HOST = "$(BUILT_PRODUCTS_DIR)/SoundByteV1.app/$(BUNDLE_EXECUTABLE_FOLDER_PATH)/SoundByteV1";
			};
			name = Release;
		};
		3AEE2C182BF5275D007A51E7 /* Debug */ = {
			isa = XCBuildConfiguration;
			buildSettings = {
				ALWAYS_EMBED_SWIFT_STANDARD_LIBRARIES = YES;
				CODE_SIGN_STYLE = Automatic;
				CURRENT_PROJECT_VERSION = 1;
				DEVELOPMENT_TEAM = ZRLJ26H2AQ;
				GENERATE_INFOPLIST_FILE = YES;
				IPHONEOS_DEPLOYMENT_TARGET = 17.0;
				MARKETING_VERSION = 1.0;
				PRODUCT_BUNDLE_IDENTIFIER = SoundByteV1UITests;
				PRODUCT_NAME = "$(TARGET_NAME)";
				SWIFT_EMIT_LOC_STRINGS = NO;
				SWIFT_VERSION = 5.0;
				TARGETED_DEVICE_FAMILY = "1,2";
				TEST_TARGET_NAME = SoundByteV1;
			};
			name = Debug;
		};
		3AEE2C192BF5275D007A51E7 /* Release */ = {
			isa = XCBuildConfiguration;
			buildSettings = {
				ALWAYS_EMBED_SWIFT_STANDARD_LIBRARIES = YES;
				CODE_SIGN_STYLE = Automatic;
				CURRENT_PROJECT_VERSION = 1;
				DEVELOPMENT_TEAM = ZRLJ26H2AQ;
				GENERATE_INFOPLIST_FILE = YES;
				IPHONEOS_DEPLOYMENT_TARGET = 17.0;
				MARKETING_VERSION = 1.0;
				PRODUCT_BUNDLE_IDENTIFIER = SoundByteV1UITests;
				PRODUCT_NAME = "$(TARGET_NAME)";
				SWIFT_EMIT_LOC_STRINGS = NO;
				SWIFT_VERSION = 5.0;
				TARGETED_DEVICE_FAMILY = "1,2";
				TEST_TARGET_NAME = SoundByteV1;
			};
			name = Release;
		};
/* End XCBuildConfiguration section */

/* Begin XCConfigurationList section */
		3AEE2BE82BF5274F007A51E7 /* Build configuration list for PBXProject "SoundByteV1" */ = {
			isa = XCConfigurationList;
			buildConfigurations = (
				3AEE2C0F2BF5275D007A51E7 /* Debug */,
				3AEE2C102BF5275D007A51E7 /* Release */,
			);
			defaultConfigurationIsVisible = 0;
			defaultConfigurationName = Release;
		};
		3AEE2C112BF5275D007A51E7 /* Build configuration list for PBXNativeTarget "SoundByteV1" */ = {
			isa = XCConfigurationList;
			buildConfigurations = (
				3AEE2C122BF5275D007A51E7 /* Debug */,
				3AEE2C132BF5275D007A51E7 /* Release */,
			);
			defaultConfigurationIsVisible = 0;
			defaultConfigurationName = Release;
		};
		3AEE2C142BF5275D007A51E7 /* Build configuration list for PBXNativeTarget "SoundByteV1Tests" */ = {
			isa = XCConfigurationList;
			buildConfigurations = (
				3AEE2C152BF5275D007A51E7 /* Debug */,
				3AEE2C162BF5275D007A51E7 /* Release */,
			);
			defaultConfigurationIsVisible = 0;
			defaultConfigurationName = Release;
		};
		3AEE2C172BF5275D007A51E7 /* Build configuration list for PBXNativeTarget "SoundByteV1UITests" */ = {
			isa = XCConfigurationList;
			buildConfigurations = (
				3AEE2C182BF5275D007A51E7 /* Debug */,
				3AEE2C192BF5275D007A51E7 /* Release */,
			);
			defaultConfigurationIsVisible = 0;
			defaultConfigurationName = Release;
		};
/* End XCConfigurationList section */
	};
	rootObject = 3AEE2BE52BF5274F007A51E7 /* Project object */;
}
